
Microsoft Visual Studio Solution File, Format Version 12.00
# Visual Studio Version 17
VisualStudioVersion = 17.13.35825.156 d17.13
MinimumVisualStudioVersion = 10.0.40219.1
Project("{FAE04EC0-301F-11D3-BF4B-00C04F79EFBC}") = "AjpopsMarketServer", "AjpopsMarketServer\AjpopsMarketServer.csproj", "{986685A7-C988-4F86-A420-00DCE1AA2AFF}"
EndProject
Global
	GlobalSection(SolutionConfigurationPlatforms) = preSolution
		Debug|Any CPU = Debug|Any CPU
		Release|Any CPU = Release|Any CPU
	EndGlobalSection
	GlobalSection(ProjectConfigurationPlatforms) = postSolution
		{986685A7-C988-4F86-A420-00DCE1AA2AFF}.Debug|Any CPU.ActiveCfg = Debug|Any CPU
		{986685A7-C988-4F86-A420-00DCE1AA2AFF}.Debug|Any CPU.Build.0 = Debug|Any CPU
		{986685A7-C988-4F86-A420-00DCE1AA2AFF}.Release|Any CPU.ActiveCfg = Release|Any CPU
		{986685A7-C988-4F86-A420-00DCE1AA2AFF}.Release|Any CPU.Build.0 = Release|Any CPU
	EndGlobalSection
	GlobalSection(SolutionProperties) = preSolution
		HideSolutionNode = FALSE
	EndGlobalSection
	GlobalSection(ExtensibilityGlobals) = postSolution
		SolutionGuid = {494F30D3-4C7E-4220-91F7-A33F7F02C107}
	EndGlobalSection
EndGlobal
