
Microsoft Visual Studio Solution File, Format Version 12.00
# Visual Studio Version 17
VisualStudioVersion = 17.13.35825.156
MinimumVisualStudioVersion = 10.0.40219.1
Project("{FAE04EC0-301F-11D3-BF4B-00C04F79EFBC}") = "AjpopsMarketClient", "AjpopsMarketClient\AjpopsMarketClient.csproj", "{FC82F39C-598C-47B0-A746-C1070A43C950}"
EndProject
Project("{FAE04EC0-301F-11D3-BF4B-00C04F79EFBC}") = "TestApp", "TestApp\TestApp.csproj", "{74EAD995-13C0-4FDA-98F9-9651CACAD14B}"
EndProject
Global
	GlobalSection(SolutionConfigurationPlatforms) = preSolution
		Debug|Any CPU = Debug|Any CPU
		Release|Any CPU = Release|Any CPU
	EndGlobalSection
	GlobalSection(ProjectConfigurationPlatforms) = postSolution
		{FC82F39C-598C-47B0-A746-C1070A43C950}.Debug|Any CPU.ActiveCfg = Debug|Any CPU
		{FC82F39C-598C-47B0-A746-C1070A43C950}.Debug|Any CPU.Build.0 = Debug|Any CPU
		{FC82F39C-598C-47B0-A746-C1070A43C950}.Release|Any CPU.ActiveCfg = Release|Any CPU
		{FC82F39C-598C-47B0-A746-C1070A43C950}.Release|Any CPU.Build.0 = Release|Any CPU
		{74EAD995-13C0-4FDA-98F9-9651CACAD14B}.Debug|Any CPU.ActiveCfg = Debug|Any CPU
		{74EAD995-13C0-4FDA-98F9-9651CACAD14B}.Debug|Any CPU.Build.0 = Debug|Any CPU
		{74EAD995-13C0-4FDA-98F9-9651CACAD14B}.Debug|Any CPU.Deploy.0 = Debug|Any CPU
		{74EAD995-13C0-4FDA-98F9-9651CACAD14B}.Release|Any CPU.ActiveCfg = Release|Any CPU
		{74EAD995-13C0-4FDA-98F9-9651CACAD14B}.Release|Any CPU.Build.0 = Release|Any CPU
		{74EAD995-13C0-4FDA-98F9-9651CACAD14B}.Release|Any CPU.Deploy.0 = Release|Any CPU
	EndGlobalSection
	GlobalSection(SolutionProperties) = preSolution
		HideSolutionNode = FALSE
	EndGlobalSection
	GlobalSection(ExtensibilityGlobals) = postSolution
		SolutionGuid = {B39382EF-65A6-4E55-BE71-2A538F2995B6}
	EndGlobalSection
EndGlobal
